<?xml version="1.0" encoding="utf-8"?>
<Project ToolsVersion="4.0" xmlns="http://schemas.microsoft.com/developer/msbuild/2003">
  <ItemGroup>
    <Filter Include="src">
      <UniqueIdentifier>{ffd52fa7-e6a8-4fa0-96e4-01f15603560c}</UniqueIdentifier>
    </Filter>
    <Filter Include="src\imgui">
      <UniqueIdentifier>{0e33fe88-c011-446b-8bc1-13165a5b91b3}</UniqueIdentifier>
    </Filter>
    <Filter Include="src\imgui\extensions">
      <UniqueIdentifier>{fad56ac4-a965-488c-86dc-66a3156ccc3a}</UniqueIdentifier>
    </Filter>
    <Filter Include="src\util">
      <UniqueIdentifier>{80b73a41-2702-44bf-a341-47f1ccd9721e}</UniqueIdentifier>
    </Filter>
    <Filter Include="src\passthrough">
      <UniqueIdentifier>{cfbba8fd-7ac0-4324-b638-9f5c055c7d83}</UniqueIdentifier>
    </Filter>
    <Filter Include="src\bingen">
      <UniqueIdentifier>{8e7131ab-9e17-4b4d-a137-15acb08b370d}</UniqueIdentifier>
    </Filter>
    <Filter Include="src\ingiap">
      <UniqueIdentifier>{eca7e19b-940a-47db-9015-889742152b6c}</UniqueIdentifier>
    </Filter>
    <Filter Include="src\usb">
      <UniqueIdentifier>{2ea3eb05-85ff-4a5d-9a3a-3cd6ae296f7c}</UniqueIdentifier>
    </Filter>
    <Filter Include="src\glad">
      <UniqueIdentifier>{68a7202f-2eab-4176-8028-d91dbc25fdf2}</UniqueIdentifier>
    </Filter>
  </ItemGroup>
  <ItemGroup>
    <ClCompile Include="src\main.cpp">
      <Filter>src</Filter>
    </ClCompile>
    <ClCompile Include="src\usb\usb_utils.cpp">
      <Filter>src\usb</Filter>
    </ClCompile>
    <ClCompile Include="src\passthrough\passthrough.cpp">
      <Filter>src\passthrough</Filter>
    </ClCompile>
    <ClCompile Include="src\bingen\bingen.cpp">
      <Filter>src\bingen</Filter>
    </ClCompile>
    <ClCompile Include="src\bingen\bin.cpp">
      <Filter>src\bingen</Filter>
    </ClCompile>
    <ClCompile Include="src\bingen\memedit.cpp">
      <Filter>src\bingen</Filter>
    </ClCompile>
    <ClCompile Include="src\passthrough\usbdevtree.cpp">
      <Filter>src\passthrough</Filter>
    </ClCompile>
    <ClCompile Include="src\ingiap\ingiap.cpp">
      <Filter>src\ingiap</Filter>
    </ClCompile>
    <ClCompile Include="..\common\util\utils.cpp">
      <Filter>src\util</Filter>
    </ClCompile>
    <ClCompile Include="..\common\util\aes.cpp">
      <Filter>src\util</Filter>
    </ClCompile>
    <ClCompile Include="..\common\util\ini.c">
      <Filter>src\util</Filter>
    </ClCompile>
    <ClCompile Include="..\common\util\INIReader.cpp">
      <Filter>src\util</Filter>
    </ClCompile>
    <ClCompile Include="..\common\util\PEUtils.cpp">
      <Filter>src\util</Filter>
    </ClCompile>
    <ClCompile Include="src\setting.cpp">
      <Filter>src</Filter>
    </ClCompile>
    <ClCompile Include="..\common\iap_config.cpp">
      <Filter>src\bingen</Filter>
    </ClCompile>
    <ClCompile Include="..\common\itexture.cpp">
      <Filter>src\bingen</Filter>
    </ClCompile>
    <ClCompile Include="src\glad\glad.c">
      <Filter>src\glad</Filter>
    </ClCompile>
    <ClCompile Include="src\imgui\extensions\ImConsole.cpp">
      <Filter>src\imgui\extensions</Filter>
    </ClCompile>
    <ClCompile Include="src\imgui\extensions\ImFileDialog.cpp">
      <Filter>src\imgui\extensions</Filter>
    </ClCompile>
    <ClCompile Include="src\imgui\backends\imgui_impl_glfw.cpp">
      <Filter>src\imgui</Filter>
    </ClCompile>
    <ClCompile Include="src\imgui\backends\imgui_impl_opengl3.cpp">
      <Filter>src\imgui</Filter>
    </ClCompile>
    <ClCompile Include="src\imgui\backends\imgui_impl_win32.cpp">
      <Filter>src\imgui</Filter>
    </ClCompile>
    <ClCompile Include="src\imgui\imgui_tables.cpp">
      <Filter>src\imgui</Filter>
    </ClCompile>
    <ClCompile Include="src\imgui\imgui_widgets.cpp">
      <Filter>src\imgui</Filter>
    </ClCompile>
    <ClCompile Include="src\imgui\imgui.cpp">
      <Filter>src\imgui</Filter>
    </ClCompile>
    <ClCompile Include="src\imgui\imgui_demo.cpp">
      <Filter>src\imgui</Filter>
    </ClCompile>
    <ClCompile Include="src\imgui\imgui_draw.cpp">
      <Filter>src\imgui</Filter>
    </ClCompile>
  </ItemGroup>
  <ItemGroup>
    <ClInclude Include="src\pch.h">
      <Filter>src</Filter>
    </ClInclude>
    <ClInclude Include="src\setting.h">
      <Filter>src</Filter>
    </ClInclude>
  </ItemGroup>
</Project>