<?xml version="1.0" encoding="utf-8"?>
<Project ToolsVersion="4.0" xmlns="http://schemas.microsoft.com/developer/msbuild/2003">
  <ItemGroup>
    <Filter Include="资源文件">
      <UniqueIdentifier>{67DA6AB6-F800-4c08-8B7A-83BB121AAD01}</UniqueIdentifier>
      <Extensions>rc;ico;cur;bmp;dlg;rc2;rct;bin;rgs;gif;jpg;jpeg;jpe;resx;tiff;tif;png;wav;mfcribbon-ms</Extensions>
    </Filter>
    <Filter Include="src">
      <UniqueIdentifier>{21023bf9-cc29-4878-91ee-c8ded5060bff}</UniqueIdentifier>
    </Filter>
    <Filter Include="src\util">
      <UniqueIdentifier>{36b12f03-7ac2-41e5-baeb-f8e6e0a78a44}</UniqueIdentifier>
    </Filter>
    <Filter Include="src\imgui">
      <UniqueIdentifier>{4f8efc15-a0d6-45aa-b3bf-7863421b6754}</UniqueIdentifier>
    </Filter>
    <Filter Include="src\glad">
      <UniqueIdentifier>{651dd7e6-0874-4f83-b23a-945f14571846}</UniqueIdentifier>
    </Filter>
  </ItemGroup>
  <ItemGroup>
    <ClCompile Include="src\main.cpp">
      <Filter>src</Filter>
    </ClCompile>
    <ClCompile Include="src\config.cpp">
      <Filter>src</Filter>
    </ClCompile>
    <ClCompile Include="src\usb.cpp">
      <Filter>src</Filter>
    </ClCompile>
    <ClCompile Include="src\iap.cpp">
      <Filter>src</Filter>
    </ClCompile>
    <ClCompile Include="..\common\util\myqueue.cpp">
      <Filter>src\util</Filter>
    </ClCompile>
    <ClCompile Include="..\common\util\utils.cpp">
      <Filter>src\util</Filter>
    </ClCompile>
    <ClCompile Include="..\common\util\aes.cpp">
      <Filter>src\util</Filter>
    </ClCompile>
    <ClCompile Include="..\common\util\ini.c">
      <Filter>src\util</Filter>
    </ClCompile>
    <ClCompile Include="..\common\util\INIReader.cpp">
      <Filter>src\util</Filter>
    </ClCompile>
    <ClCompile Include="src\iap_template.cpp">
      <Filter>src</Filter>
    </ClCompile>
    <ClCompile Include="src\imgui\backends\imgui_impl_opengl3.cpp">
      <Filter>src\imgui</Filter>
    </ClCompile>
    <ClCompile Include="src\imgui\backends\imgui_impl_win32.cpp">
      <Filter>src\imgui</Filter>
    </ClCompile>
    <ClCompile Include="src\imgui\imgui.cpp">
      <Filter>src\imgui</Filter>
    </ClCompile>
    <ClCompile Include="src\imgui\imgui_draw.cpp">
      <Filter>src\imgui</Filter>
    </ClCompile>
    <ClCompile Include="src\imgui\imgui_tables.cpp">
      <Filter>src\imgui</Filter>
    </ClCompile>
    <ClCompile Include="src\imgui\imgui_widgets.cpp">
      <Filter>src\imgui</Filter>
    </ClCompile>
    <ClCompile Include="src\glad\glad.c">
      <Filter>src\glad</Filter>
    </ClCompile>
    <ClCompile Include="..\common\util\PEUtils.cpp">
      <Filter>src\util</Filter>
    </ClCompile>
  </ItemGroup>
  <ItemGroup>
    <ClInclude Include="src\iap_template.h">
      <Filter>src</Filter>
    </ClInclude>
    <ClInclude Include="resource.h" />
  </ItemGroup>
  <ItemGroup>
    <ResourceCompile Include="iap_template.rc">
      <Filter>资源文件</Filter>
    </ResourceCompile>
  </ItemGroup>
  <ItemGroup>
    <Image Include="icon.ico">
      <Filter>资源文件</Filter>
    </Image>
  </ItemGroup>
</Project>